
Microsoft Visual Studio Solution File, Format Version 12.00
# Visual Studio Version 17
VisualStudioVersion = 17.9.34701.34
MinimumVisualStudioVersion = 10.0.40219.1
Project("{FAE04EC0-301F-11D3-BF4B-00C04F79EFBC}") = "Psalario", "Psalario\Psalario.csproj", "{79CDF39E-C471-4FC7-9259-3537D3E8CECE}"
EndProject
Global
	GlobalSection(SolutionConfigurationPlatforms) = preSolution
		Debug|Any CPU = Debug|Any CPU
		Release|Any CPU = Release|Any CPU
	EndGlobalSection
	GlobalSection(ProjectConfigurationPlatforms) = postSolution
		{79CDF39E-C471-4FC7-9259-3537D3E8CECE}.Debug|Any CPU.ActiveCfg = Debug|Any CPU
		{79CDF39E-C471-4FC7-9259-3537D3E8CECE}.Debug|Any CPU.Build.0 = Debug|Any CPU
		{79CDF39E-C471-4FC7-9259-3537D3E8CECE}.Release|Any CPU.ActiveCfg = Release|Any CPU
		{79CDF39E-C471-4FC7-9259-3537D3E8CECE}.Release|Any CPU.Build.0 = Release|Any CPU
	EndGlobalSection
	GlobalSection(SolutionProperties) = preSolution
		HideSolutionNode = FALSE
	EndGlobalSection
	GlobalSection(ExtensibilityGlobals) = postSolution
		SolutionGuid = {1D87581B-4F8D-4554-BA32-F1FAA69FA352}
	EndGlobalSection
EndGlobal
